
Microsoft Visual Studio Solution File, Format Version 12.00
# Visual Studio Version 17
VisualStudioVersion = 17.5.33627.172
MinimumVisualStudioVersion = 10.0.40219.1
Project("{FAE04EC0-301F-11D3-BF4B-00C04F79EFBC}") = "BulkyBookWeb", "BulkyBookWeb\BulkyBookWeb.csproj", "{DFA04260-5C63-44AC-B372-D36E08F4BDB9}"
EndProject
Global
	GlobalSection(SolutionConfigurationPlatforms) = preSolution
		Debug|Any CPU = Debug|Any CPU
		Release|Any CPU = Release|Any CPU
	EndGlobalSection
	GlobalSection(ProjectConfigurationPlatforms) = postSolution
		{DFA04260-5C63-44AC-B372-D36E08F4BDB9}.Debug|Any CPU.ActiveCfg = Debug|Any CPU
		{DFA04260-5C63-44AC-B372-D36E08F4BDB9}.Debug|Any CPU.Build.0 = Debug|Any CPU
		{DFA04260-5C63-44AC-B372-D36E08F4BDB9}.Release|Any CPU.ActiveCfg = Release|Any CPU
		{DFA04260-5C63-44AC-B372-D36E08F4BDB9}.Release|Any CPU.Build.0 = Release|Any CPU
	EndGlobalSection
	GlobalSection(SolutionProperties) = preSolution
		HideSolutionNode = FALSE
	EndGlobalSection
	GlobalSection(ExtensibilityGlobals) = postSolution
		SolutionGuid = {2DB65258-9300-448D-BFA6-5D6DA59169B7}
	EndGlobalSection
EndGlobal
